// !$*UTF8*$!
{
	archiveVersion = 1;
	classes = {
	};
	objectVersion = 50;
	objects = {

/* Begin PBXBuildFile section */
		0D9916A0244E2CE300500F31 /* SecondViewController.swift in Sources */ = {isa = PBXBuildFile; fileRef = 0D99169F244E2CE300500F31 /* SecondViewController.swift */; };
		0D9916A4244E332F00500F31 /* ParkTableViewCell.swift in Sources */ = {isa = PBXBuildFile; fileRef = 0D9916A3244E332F00500F31 /* ParkTableViewCell.swift */; };
		0D9916A8244E3E3D00500F31 /* ParkDetailViewController.swift in Sources */ = {isa = PBXBuildFile; fileRef = 0D9916A7244E3E3D00500F31 /* ParkDetailViewController.swift */; };
		0D9916AA244E3EFD00500F31 /* ParkDetailTableViewCell.swift in Sources */ = {isa = PBXBuildFile; fileRef = 0D9916A9244E3EFD00500F31 /* ParkDetailTableViewCell.swift */; };
		0D9916AD244E438400500F31 /* ParkLocationTableViewCell.swift in Sources */ = {isa = PBXBuildFile; fileRef = 0D9916AC244E438400500F31 /* ParkLocationTableViewCell.swift */; };
		0D9916AF244E43B900500F31 /* ParkAreaTableViewCell.swift in Sources */ = {isa = PBXBuildFile; fileRef = 0D9916AE244E43B900500F31 /* ParkAreaTableViewCell.swift */; };
		0D9916B1244E43E000500F31 /* ParkDateTableViewCell.swift in Sources */ = {isa = PBXBuildFile; fileRef = 0D9916B0244E43E000500F31 /* ParkDateTableViewCell.swift */; };
		0D9916B3244E441800500F31 /* ParkImageTableViewCell.swift in Sources */ = {isa = PBXBuildFile; fileRef = 0D9916B2244E441800500F31 /* ParkImageTableViewCell.swift */; };
		0D9916B5244E44D700500F31 /* ParkDescTableViewCell.swift in Sources */ = {isa = PBXBuildFile; fileRef = 0D9916B4244E44D700500F31 /* ParkDescTableViewCell.swift */; };
		0D9916B7244E44F800500F31 /* ParkWikiTableViewCell.swift in Sources */ = {isa = PBXBuildFile; fileRef = 0D9916B6244E44F800500F31 /* ParkWikiTableViewCell.swift */; };
		0D9916B9244E51BA00500F31 /* ParkMapTableViewCell.swift in Sources */ = {isa = PBXBuildFile; fileRef = 0D9916B8244E51BA00500F31 /* ParkMapTableViewCell.swift */; };
		0DE932B5242A7136001E2587 /* AppDelegate.swift in Sources */ = {isa = PBXBuildFile; fileRef = 0DE932B4242A7136001E2587 /* AppDelegate.swift */; };
		0DE932B7242A7136001E2587 /* SceneDelegate.swift in Sources */ = {isa = PBXBuildFile; fileRef = 0DE932B6242A7136001E2587 /* SceneDelegate.swift */; };
		0DE932BC242A7136001E2587 /* Main.storyboard in Resources */ = {isa = PBXBuildFile; fileRef = 0DE932BA242A7136001E2587 /* Main.storyboard */; };
		0DE932BE242A7138001E2587 /* Assets.xcassets in Resources */ = {isa = PBXBuildFile; fileRef = 0DE932BD242A7138001E2587 /* Assets.xcassets */; };
		0DE932C1242A7138001E2587 /* LaunchScreen.storyboard in Resources */ = {isa = PBXBuildFile; fileRef = 0DE932BF242A7138001E2587 /* LaunchScreen.storyboard */; };
		0DE932CA242A7214001E2587 /* CoreLocation.framework in Frameworks */ = {isa = PBXBuildFile; fileRef = 0DE932C9242A7214001E2587 /* CoreLocation.framework */; };
		0DE932CC242A7219001E2587 /* MapKit.framework in Frameworks */ = {isa = PBXBuildFile; fileRef = 0DE932CB242A7219001E2587 /* MapKit.framework */; };
		0DE932D2242A73E0001E2587 /* data.plist in Resources */ = {isa = PBXBuildFile; fileRef = 0DE932D1242A73E0001E2587 /* data.plist */; };
		0DE932D8242A7887001E2587 /* Park.swift in Sources */ = {isa = PBXBuildFile; fileRef = 0DE932D7242A7887001E2587 /* Park.swift */; };
		0DE932DE242A7A64001E2587 /* ViewController.swift in Sources */ = {isa = PBXBuildFile; fileRef = 0DE932DD242A7A64001E2587 /* ViewController.swift */; };
/* End PBXBuildFile section */

/* Begin PBXFileReference section */
		0D99169F244E2CE300500F31 /* SecondViewController.swift */ = {isa = PBXFileReference; lastKnownFileType = sourcecode.swift; path = SecondViewController.swift; sourceTree = "<group>"; };
		0D9916A3244E332F00500F31 /* ParkTableViewCell.swift */ = {isa = PBXFileReference; fileEncoding = 4; lastKnownFileType = sourcecode.swift; path = ParkTableViewCell.swift; sourceTree = "<group>"; };
		0D9916A7244E3E3D00500F31 /* ParkDetailViewController.swift */ = {isa = PBXFileReference; lastKnownFileType = sourcecode.swift; path = ParkDetailViewController.swift; sourceTree = "<group>"; };
		0D9916A9244E3EFD00500F31 /* ParkDetailTableViewCell.swift */ = {isa = PBXFileReference; lastKnownFileType = sourcecode.swift; path = ParkDetailTableViewCell.swift; sourceTree = "<group>"; };
		0D9916AC244E438400500F31 /* ParkLocationTableViewCell.swift */ = {isa = PBXFileReference; lastKnownFileType = sourcecode.swift; path = ParkLocationTableViewCell.swift; sourceTree = "<group>"; };
		0D9916AE244E43B900500F31 /* ParkAreaTableViewCell.swift */ = {isa = PBXFileReference; lastKnownFileType = sourcecode.swift; path = ParkAreaTableViewCell.swift; sourceTree = "<group>"; };
		0D9916B0244E43E000500F31 /* ParkDateTableViewCell.swift */ = {isa = PBXFileReference; lastKnownFileType = sourcecode.swift; path = ParkDateTableViewCell.swift; sourceTree = "<group>"; };
		0D9916B2244E441800500F31 /* ParkImageTableViewCell.swift */ = {isa = PBXFileReference; lastKnownFileType = sourcecode.swift; path = ParkImageTableViewCell.swift; sourceTree = "<group>"; };
		0D9916B4244E44D700500F31 /* ParkDescTableViewCell.swift */ = {isa = PBXFileReference; lastKnownFileType = sourcecode.swift; path = ParkDescTableViewCell.swift; sourceTree = "<group>"; };
		0D9916B6244E44F800500F31 /* ParkWikiTableViewCell.swift */ = {isa = PBXFileReference; lastKnownFileType = sourcecode.swift; path = ParkWikiTableViewCell.swift; sourceTree = "<group>"; };
		0D9916B8244E51BA00500F31 /* ParkMapTableViewCell.swift */ = {isa = PBXFileReference; lastKnownFileType = sourcecode.swift; path = ParkMapTableViewCell.swift; sourceTree = "<group>"; };
		0DE932B1242A7136001E2587 /* NPF-4.app */ = {isa = PBXFileReference; explicitFileType = wrapper.application; includeInIndex = 0; path = "NPF-4.app"; sourceTree = BUILT_PRODUCTS_DIR; };
		0DE932B4242A7136001E2587 /* AppDelegate.swift */ = {isa = PBXFileReference; lastKnownFileType = sourcecode.swift; path = AppDelegate.swift; sourceTree = "<group>"; };
		0DE932B6242A7136001E2587 /* SceneDelegate.swift */ = {isa = PBXFileReference; lastKnownFileType = sourcecode.swift; path = SceneDelegate.swift; sourceTree = "<group>"; };
		0DE932BB242A7136001E2587 /* Base */ = {isa = PBXFileReference; lastKnownFileType = file.storyboard; name = Base; path = Base.lproj/Main.storyboard; sourceTree = "<group>"; };
		0DE932BD242A7138001E2587 /* Assets.xcassets */ = {isa = PBXFileReference; lastKnownFileType = folder.assetcatalog; path = Assets.xcassets; sourceTree = "<group>"; };
		0DE932C0242A7138001E2587 /* Base */ = {isa = PBXFileReference; lastKnownFileType = file.storyboard; name = Base; path = Base.lproj/LaunchScreen.storyboard; sourceTree = "<group>"; };
		0DE932C2242A7138001E2587 /* Info.plist */ = {isa = PBXFileReference; lastKnownFileType = text.plist.xml; path = Info.plist; sourceTree = "<group>"; };
		0DE932C9242A7214001E2587 /* CoreLocation.framework */ = {isa = PBXFileReference; lastKnownFileType = wrapper.framework; name = CoreLocation.framework; path = System/Library/Frameworks/CoreLocation.framework; sourceTree = SDKROOT; };
		0DE932CB242A7219001E2587 /* MapKit.framework */ = {isa = PBXFileReference; lastKnownFileType = wrapper.framework; name = MapKit.framework; path = System/Library/Frameworks/MapKit.framework; sourceTree = SDKROOT; };
		0DE932D1242A73E0001E2587 /* data.plist */ = {isa = PBXFileReference; fileEncoding = 4; lastKnownFileType = text.plist.xml; path = data.plist; sourceTree = "<group>"; };
		0DE932D7242A7887001E2587 /* Park.swift */ = {isa = PBXFileReference; fileEncoding = 4; lastKnownFileType = sourcecode.swift; path = Park.swift; sourceTree = "<group>"; };
		0DE932DD242A7A64001E2587 /* ViewController.swift */ = {isa = PBXFileReference; fileEncoding = 4; lastKnownFileType = sourcecode.swift; path = ViewController.swift; sourceTree = "<group>"; };
/* End PBXFileReference section */

/* Begin PBXFrameworksBuildPhase section */
		0DE932AE242A7136001E2587 /* Frameworks */ = {
			isa = PBXFrameworksBuildPhase;
			buildActionMask = 2147483647;
			files = (
				0DE932CC242A7219001E2587 /* MapKit.framework in Frameworks */,
				0DE932CA242A7214001E2587 /* CoreLocation.framework in Frameworks */,
			);
			runOnlyForDeploymentPostprocessing = 0;
		};
/* End PBXFrameworksBuildPhase section */

/* Begin PBXGroup section */
		0D9916AB244E412C00500F31 /* ParkDetailCells */ = {
			isa = PBXGroup;
			children = (
				0D9916A9244E3EFD00500F31 /* ParkDetailTableViewCell.swift */,
				0D9916AC244E438400500F31 /* ParkLocationTableViewCell.swift */,
				0D9916AE244E43B900500F31 /* ParkAreaTableViewCell.swift */,
				0D9916B0244E43E000500F31 /* ParkDateTableViewCell.swift */,
				0D9916B2244E441800500F31 /* ParkImageTableViewCell.swift */,
				0D9916B4244E44D700500F31 /* ParkDescTableViewCell.swift */,
				0D9916B6244E44F800500F31 /* ParkWikiTableViewCell.swift */,
				0D9916B8244E51BA00500F31 /* ParkMapTableViewCell.swift */,
			);
			path = ParkDetailCells;
			sourceTree = "<group>";
		};
		0DE932A8242A7136001E2587 = {
			isa = PBXGroup;
			children = (
				0DE932B3242A7136001E2587 /* NPF-3 */,
				0DE932B2242A7136001E2587 /* Products */,
				0DE932C8242A7213001E2587 /* Frameworks */,
			);
			sourceTree = "<group>";
		};
		0DE932B2242A7136001E2587 /* Products */ = {
			isa = PBXGroup;
			children = (
				0DE932B1242A7136001E2587 /* NPF-4.app */,
			);
			name = Products;
			sourceTree = "<group>";
		};
		0DE932B3242A7136001E2587 /* NPF-3 */ = {
			isa = PBXGroup;
			children = (
				0D9916AB244E412C00500F31 /* ParkDetailCells */,
				0DE932D7242A7887001E2587 /* Park.swift */,
				0D9916A3244E332F00500F31 /* ParkTableViewCell.swift */,
				0D9916A7244E3E3D00500F31 /* ParkDetailViewController.swift */,
				0DE932D1242A73E0001E2587 /* data.plist */,
				0DE932B4242A7136001E2587 /* AppDelegate.swift */,
				0DE932DD242A7A64001E2587 /* ViewController.swift */,
				0D99169F244E2CE300500F31 /* SecondViewController.swift */,
				0DE932BA242A7136001E2587 /* Main.storyboard */,
				0DE932B6242A7136001E2587 /* SceneDelegate.swift */,
				0DE932BD242A7138001E2587 /* Assets.xcassets */,
				0DE932BF242A7138001E2587 /* LaunchScreen.storyboard */,
				0DE932C2242A7138001E2587 /* Info.plist */,
			);
			path = "NPF-3";
			sourceTree = "<group>";
		};
		0DE932C8242A7213001E2587 /* Frameworks */ = {
			isa = PBXGroup;
			children = (
				0DE932CB242A7219001E2587 /* MapKit.framework */,
				0DE932C9242A7214001E2587 /* CoreLocation.framework */,
			);
			name = Frameworks;
			sourceTree = "<group>";
		};
/* End PBXGroup section */

/* Begin PBXNativeTarget section */
		0DE932B0242A7136001E2587 /* NPF-4 */ = {
			isa = PBXNativeTarget;
			buildConfigurationList = 0DE932C5242A7138001E2587 /* Build configuration list for PBXNativeTarget "NPF-4" */;
			buildPhases = (
				0DE932AD242A7136001E2587 /* Sources */,
				0DE932AE242A7136001E2587 /* Frameworks */,
				0DE932AF242A7136001E2587 /* Resources */,
			);
			buildRules = (
			);
			dependencies = (
			);
			name = "NPF-4";
			productName = "NPF-3";
			productReference = 0DE932B1242A7136001E2587 /* NPF-4.app */;
			productType = "com.apple.product-type.application";
		};
/* End PBXNativeTarget section */

/* Begin PBXProject section */
		0DE932A9242A7136001E2587 /* Project object */ = {
			isa = PBXProject;
			attributes = {
				LastSwiftUpdateCheck = 1130;
				LastUpgradeCheck = 1130;
				ORGANIZATIONNAME = Ellie;
				TargetAttributes = {
					0DE932B0242A7136001E2587 = {
						CreatedOnToolsVersion = 11.3.1;
					};
				};
			};
			buildConfigurationList = 0DE932AC242A7136001E2587 /* Build configuration list for PBXProject "NPF-4" */;
			compatibilityVersion = "Xcode 9.3";
			developmentRegion = en;
			hasScannedForEncodings = 0;
			knownRegions = (
				en,
				Base,
			);
			mainGroup = 0DE932A8242A7136001E2587;
			productRefGroup = 0DE932B2242A7136001E2587 /* Products */;
			projectDirPath = "";
			projectRoot = "";
			targets = (
				0DE932B0242A7136001E2587 /* NPF-4 */,
			);
		};
/* End PBXProject section */

/* Begin PBXResourcesBuildPhase section */
		0DE932AF242A7136001E2587 /* Resources */ = {
			isa = PBXResourcesBuildPhase;
			buildActionMask = 2147483647;
			files = (
				0DE932C1242A7138001E2587 /* LaunchScreen.storyboard in Resources */,
				0DE932BE242A7138001E2587 /* Assets.xcassets in Resources */,
				0DE932D2242A73E0001E2587 /* data.plist in Resources */,
				0DE932BC242A7136001E2587 /* Main.storyboard in Resources */,
			);
			runOnlyForDeploymentPostprocessing = 0;
		};
/* End PBXResourcesBuildPhase section */

/* Begin PBXSourcesBuildPhase section */
		0DE932AD242A7136001E2587 /* Sources */ = {
			isa = PBXSourcesBuildPhase;
			buildActionMask = 2147483647;
			files = (
				0DE932B5242A7136001E2587 /* AppDelegate.swift in Sources */,
				0D9916B1244E43E000500F31 /* ParkDateTableViewCell.swift in Sources */,
				0DE932B7242A7136001E2587 /* SceneDelegate.swift in Sources */,
				0D9916B3244E441800500F31 /* ParkImageTableViewCell.swift in Sources */,
				0D9916B5244E44D700500F31 /* ParkDescTableViewCell.swift in Sources */,
				0DE932DE242A7A64001E2587 /* ViewController.swift in Sources */,
				0D9916B9244E51BA00500F31 /* ParkMapTableViewCell.swift in Sources */,
				0D9916AD244E438400500F31 /* ParkLocationTableViewCell.swift in Sources */,
				0D9916AF244E43B900500F31 /* ParkAreaTableViewCell.swift in Sources */,
				0D9916A4244E332F00500F31 /* ParkTableViewCell.swift in Sources */,
				0D9916B7244E44F800500F31 /* ParkWikiTableViewCell.swift in Sources */,
				0D9916AA244E3EFD00500F31 /* ParkDetailTableViewCell.swift in Sources */,
				0D9916A0244E2CE300500F31 /* SecondViewController.swift in Sources */,
				0DE932D8242A7887001E2587 /* Park.swift in Sources */,
				0D9916A8244E3E3D00500F31 /* ParkDetailViewController.swift in Sources */,
			);
			runOnlyForDeploymentPostprocessing = 0;
		};
/* End PBXSourcesBuildPhase section */

/* Begin PBXVariantGroup section */
		0DE932BA242A7136001E2587 /* Main.storyboard */ = {
			isa = PBXVariantGroup;
			children = (
				0DE932BB242A7136001E2587 /* Base */,
			);
			name = Main.storyboard;
			sourceTree = "<group>";
		};
		0DE932BF242A7138001E2587 /* LaunchScreen.storyboard */ = {
			isa = PBXVariantGroup;
			children = (
				0DE932C0242A7138001E2587 /* Base */,
			);
			name = LaunchScreen.storyboard;
			sourceTree = "<group>";
		};
/* End PBXVariantGroup section */

/* Begin XCBuildConfiguration section */
		0DE932C3242A7138001E2587 /* Debug */ = {
			isa = XCBuildConfiguration;
			buildSettings = {
				ALWAYS_SEARCH_USER_PATHS = NO;
				CLANG_ANALYZER_NONNULL = YES;
				CLANG_ANALYZER_NUMBER_OBJECT_CONVERSION = YES_AGGRESSIVE;
				CLANG_CXX_LANGUAGE_STANDARD = "gnu++14";
				CLANG_CXX_LIBRARY = "libc++";
				CLANG_ENABLE_MODULES = YES;
				CLANG_ENABLE_OBJC_ARC = YES;
				CLANG_ENABLE_OBJC_WEAK = YES;
				CLANG_WARN_BLOCK_CAPTURE_AUTORELEASING = YES;
				CLANG_WARN_BOOL_CONVERSION = YES;
				CLANG_WARN_COMMA = YES;
				CLANG_WARN_CONSTANT_CONVERSION = YES;
				CLANG_WARN_DEPRECATED_OBJC_IMPLEMENTATIONS = YES;
				CLANG_WARN_DIRECT_OBJC_ISA_USAGE = YES_ERROR;
				CLANG_WARN_DOCUMENTATION_COMMENTS = YES;
				CLANG_WARN_EMPTY_BODY = YES;
				CLANG_WARN_ENUM_CONVERSION = YES;
				CLANG_WARN_INFINITE_RECURSION = YES;
				CLANG_WARN_INT_CONVERSION = YES;
				CLANG_WARN_NON_LITERAL_NULL_CONVERSION = YES;
				CLANG_WARN_OBJC_IMPLICIT_RETAIN_SELF = YES;
				CLANG_WARN_OBJC_LITERAL_CONVERSION = YES;
				CLANG_WARN_OBJC_ROOT_CLASS = YES_ERROR;
				CLANG_WARN_RANGE_LOOP_ANALYSIS = YES;
				CLANG_WARN_STRICT_PROTOTYPES = YES;
				CLANG_WARN_SUSPICIOUS_MOVE = YES;
				CLANG_WARN_UNGUARDED_AVAILABILITY = YES_AGGRESSIVE;
				CLANG_WARN_UNREACHABLE_CODE = YES;
				CLANG_WARN__DUPLICATE_METHOD_MATCH = YES;
				COPY_PHASE_STRIP = NO;
				DEBUG_INFORMATION_FORMAT = dwarf;
				ENABLE_STRICT_OBJC_MSGSEND = YES;
				ENABLE_TESTABILITY = YES;
				GCC_C_LANGUAGE_STANDARD = gnu11;
				GCC_DYNAMIC_NO_PIC = NO;
				GCC_NO_COMMON_BLOCKS = YES;
				GCC_OPTIMIZATION_LEVEL = 0;
				GCC_PREPROCESSOR_DEFINITIONS = (
					"DEBUG=1",
					"$(inherited)",
				);
				GCC_WARN_64_TO_32_BIT_CONVERSION = YES;
				GCC_WARN_ABOUT_RETURN_TYPE = YES_ERROR;
				GCC_WARN_UNDECLARED_SELECTOR = YES;
				GCC_WARN_UNINITIALIZED_AUTOS = YES_AGGRESSIVE;
				GCC_WARN_UNUSED_FUNCTION = YES;
				GCC_WARN_UNUSED_VARIABLE = YES;
				IPHONEOS_DEPLOYMENT_TARGET = 13.2;
				MTL_ENABLE_DEBUG_INFO = INCLUDE_SOURCE;
				MTL_FAST_MATH = YES;
				ONLY_ACTIVE_ARCH = YES;
				SDKROOT = iphoneos;
				SWIFT_ACTIVE_COMPILATION_CONDITIONS = DEBUG;
				SWIFT_OPTIMIZATION_LEVEL = "-Onone";
			};
			name = Debug;
		};
		0DE932C4242A7138001E2587 /* Release */ = {
			isa = XCBuildConfiguration;
			buildSettings = {
				ALWAYS_SEARCH_USER_PATHS = NO;
				CLANG_ANALYZER_NONNULL = YES;
				CLANG_ANALYZER_NUMBER_OBJECT_CONVERSION = YES_AGGRESSIVE;
				CLANG_CXX_LANGUAGE_STANDARD = "gnu++14";
				CLANG_CXX_LIBRARY = "libc++";
				CLANG_ENABLE_MODULES = YES;
				CLANG_ENABLE_OBJC_ARC = YES;
				CLANG_ENABLE_OBJC_WEAK = YES;
				CLANG_WARN_BLOCK_CAPTURE_AUTORELEASING = YES;
				CLANG_WARN_BOOL_CONVERSION = YES;
				CLANG_WARN_COMMA = YES;
				CLANG_WARN_CONSTANT_CONVERSION = YES;
				CLANG_WARN_DEPRECATED_OBJC_IMPLEMENTATIONS = YES;
				CLANG_WARN_DIRECT_OBJC_ISA_USAGE = YES_ERROR;
				CLANG_WARN_DOCUMENTATION_COMMENTS = YES;
				CLANG_WARN_EMPTY_BODY = YES;
				CLANG_WARN_ENUM_CONVERSION = YES;
				CLANG_WARN_INFINITE_RECURSION = YES;
				CLANG_WARN_INT_CONVERSION = YES;
				CLANG_WARN_NON_LITERAL_NULL_CONVERSION = YES;
				CLANG_WARN_OBJC_IMPLICIT_RETAIN_SELF = YES;
				CLANG_WARN_OBJC_LITERAL_CONVERSION = YES;
				CLANG_WARN_OBJC_ROOT_CLASS = YES_ERROR;
				CLANG_WARN_RANGE_LOOP_ANALYSIS = YES;
				CLANG_WARN_STRICT_PROTOTYPES = YES;
				CLANG_WARN_SUSPICIOUS_MOVE = YES;
				CLANG_WARN_UNGUARDED_AVAILABILITY = YES_AGGRESSIVE;
				CLANG_WARN_UNREACHABLE_CODE = YES;
				CLANG_WARN__DUPLICATE_METHOD_MATCH = YES;
				COPY_PHASE_STRIP = NO;
				DEBUG_INFORMATION_FORMAT = "dwarf-with-dsym";
				ENABLE_NS_ASSERTIONS = NO;
				ENABLE_STRICT_OBJC_MSGSEND = YES;
				GCC_C_LANGUAGE_STANDARD = gnu11;
				GCC_NO_COMMON_BLOCKS = YES;
				GCC_WARN_64_TO_32_BIT_CONVERSION = YES;
				GCC_WARN_ABOUT_RETURN_TYPE = YES_ERROR;
				GCC_WARN_UNDECLARED_SELECTOR = YES;
				GCC_WARN_UNINITIALIZED_AUTOS = YES_AGGRESSIVE;
				GCC_WARN_UNUSED_FUNCTION = YES;
				GCC_WARN_UNUSED_VARIABLE = YES;
				IPHONEOS_DEPLOYMENT_TARGET = 13.2;
				MTL_ENABLE_DEBUG_INFO = NO;
				MTL_FAST_MATH = YES;
				SDKROOT = iphoneos;
				SWIFT_COMPILATION_MODE = wholemodule;
				SWIFT_OPTIMIZATION_LEVEL = "-O";
				VALIDATE_PRODUCT = YES;
			};
			name = Release;
		};
		0DE932C6242A7138001E2587 /* Debug */ = {
			isa = XCBuildConfiguration;
			buildSettings = {
				ASSETCATALOG_COMPILER_APPICON_NAME = AppIcon;
				CODE_SIGN_STYLE = Automatic;
				DEVELOPMENT_TEAM = JAJ8KZDJX4;
				INFOPLIST_FILE = "NPF-3/Info.plist";
				LD_RUNPATH_SEARCH_PATHS = (
					"$(inherited)",
					"@executable_path/Frameworks",
				);
				PRODUCT_BUNDLE_IDENTIFIER = "Ellie.NPF-4";
				PRODUCT_NAME = "NPF-4";
				SWIFT_VERSION = 5.0;
				TARGETED_DEVICE_FAMILY = "1,2";
			};
			name = Debug;
		};
		0DE932C7242A7138001E2587 /* Release */ = {
			isa = XCBuildConfiguration;
			buildSettings = {
				ASSETCATALOG_COMPILER_APPICON_NAME = AppIcon;
				CODE_SIGN_STYLE = Automatic;
				DEVELOPMENT_TEAM = JAJ8KZDJX4;
				INFOPLIST_FILE = "NPF-3/Info.plist";
				LD_RUNPATH_SEARCH_PATHS = (
					"$(inherited)",
					"@executable_path/Frameworks",
				);
				PRODUCT_BUNDLE_IDENTIFIER = "Ellie.NPF-4";
				PRODUCT_NAME = "NPF-4";
				SWIFT_VERSION = 5.0;
				TARGETED_DEVICE_FAMILY = "1,2";
			};
			name = Release;
		};
/* End XCBuildConfiguration section */

/* Begin XCConfigurationList section */
		0DE932AC242A7136001E2587 /* Build configuration list for PBXProject "NPF-4" */ = {
			isa = XCConfigurationList;
			buildConfigurations = (
				0DE932C3242A7138001E2587 /* Debug */,
				0DE932C4242A7138001E2587 /* Release */,
			);
			defaultConfigurationIsVisible = 0;
			defaultConfigurationName = Release;
		};
		0DE932C5242A7138001E2587 /* Build configuration list for PBXNativeTarget "NPF-4" */ = {
			isa = XCConfigurationList;
			buildConfigurations = (
				0DE932C6242A7138001E2587 /* Debug */,
				0DE932C7242A7138001E2587 /* Release */,
			);
			defaultConfigurationIsVisible = 0;
			defaultConfigurationName = Release;
		};
/* End XCConfigurationList section */
	};
	rootObject = 0DE932A9242A7136001E2587 /* Project object */;
}
